
Microsoft Visual Studio Solution File, Format Version 12.00
# Visual Studio Version 17
VisualStudioVersion = 17.13.36105.23 d17.13
MinimumVisualStudioVersion = 10.0.40219.1
Project("{FAE04EC0-301F-11D3-BF4B-00C04F79EFBC}") = "fukuv0530", "fukuv0530\fukuv0530.csproj", "{2ECB74E5-1B43-4AF8-B7F0-142144C0A8BA}"
EndProject
Global
	GlobalSection(SolutionConfigurationPlatforms) = preSolution
		Debug|Any CPU = Debug|Any CPU
		Release|Any CPU = Release|Any CPU
	EndGlobalSection
	GlobalSection(ProjectConfigurationPlatforms) = postSolution
		{2ECB74E5-1B43-4AF8-B7F0-142144C0A8BA}.Debug|Any CPU.ActiveCfg = Debug|Any CPU
		{2ECB74E5-1B43-4AF8-B7F0-142144C0A8BA}.Debug|Any CPU.Build.0 = Debug|Any CPU
		{2ECB74E5-1B43-4AF8-B7F0-142144C0A8BA}.Release|Any CPU.ActiveCfg = Release|Any CPU
		{2ECB74E5-1B43-4AF8-B7F0-142144C0A8BA}.Release|Any CPU.Build.0 = Release|Any CPU
	EndGlobalSection
	GlobalSection(SolutionProperties) = preSolution
		HideSolutionNode = FALSE
	EndGlobalSection
	GlobalSection(ExtensibilityGlobals) = postSolution
		SolutionGuid = {48A18D13-77D9-4244-AA86-F0F3AA7E4B96}
	EndGlobalSection
EndGlobal
